
Microsoft Visual Studio Solution File, Format Version 12.00
# Visual Studio Version 17
VisualStudioVersion = 17.4.33213.308
MinimumVisualStudioVersion = 10.0.40219.1
Project("{FAE04EC0-301F-11D3-BF4B-00C04F79EFBC}") = "FilesUploader", "FilesUploader\FilesUploader.csproj", "{22C5C476-E16A-40D1-B746-1EBE52045DC6}"
EndProject
Global
	GlobalSection(SolutionConfigurationPlatforms) = preSolution
		Debug|Any CPU = Debug|Any CPU
		Release|Any CPU = Release|Any CPU
	EndGlobalSection
	GlobalSection(ProjectConfigurationPlatforms) = postSolution
		{22C5C476-E16A-40D1-B746-1EBE52045DC6}.Debug|Any CPU.ActiveCfg = Debug|Any CPU
		{22C5C476-E16A-40D1-B746-1EBE52045DC6}.Debug|Any CPU.Build.0 = Debug|Any CPU
		{22C5C476-E16A-40D1-B746-1EBE52045DC6}.Release|Any CPU.ActiveCfg = Release|Any CPU
		{22C5C476-E16A-40D1-B746-1EBE52045DC6}.Release|Any CPU.Build.0 = Release|Any CPU
	EndGlobalSection
	GlobalSection(SolutionProperties) = preSolution
		HideSolutionNode = FALSE
	EndGlobalSection
	GlobalSection(ExtensibilityGlobals) = postSolution
		SolutionGuid = {BE91B6FD-AFDC-4B70-A730-91B4FF62332D}
	EndGlobalSection
EndGlobal
